# This file is automatically @generated by Cargo.
# It is not intended for manual editing.
version = 3

[[package]]
name = "aho-corasick"
version = "0.7.20"
source = "registry+https://github.com/rust-lang/crates.io-index"
checksum = "cc936419f96fa211c1b9166887b38e5e40b19958e5b895be7c1f93adec7071ac"
dependencies = [
 "memchr",
]

[[package]]
name = "gssp-rust-template"
version = "0.1.0"
dependencies = [
 "gssp_utils",
 "regex",
]

[[package]]
name = "gssp_utils"
version = "0.1.0"

[[package]]
name = "memchr"
version = "2.6.4"
source = "registry+https://github.com/rust-lang/crates.io-index"
checksum = "f665ee40bc4a3c5590afb1e9677db74a508659dfd71e126420da8274909a0167"

[[package]]
name = "regex"
version = "1.5.5"
source = "registry+https://github.com/rust-lang/crates.io-index"
checksum = "1a11647b6b25ff05a515cb92c365cec08801e83423a235b51e231e1808747286"
dependencies = [
 "aho-corasick",
 "memchr",
 "regex-syntax",
]

[[package]]
name = "regex-syntax"
version = "0.6.29"
source = "registry+https://github.com/rust-lang/crates.io-index"
checksum = "f162c6dd7b008981e4d40210aca20b4bd0f9b60ca9271061b07f78537722f2e1"
